// !$*UTF8*$!
{
	archiveVersion = 1;
	classes = {
	};
	objectVersion = 55;
	objects = {

/* Begin PBXBuildFile section */
		9101D0E3289BD6FA00B70F21 /* Model.swift in Sources */ = {isa = PBXBuildFile; fileRef = 9101D0E2289BD6FA00B70F21 /* Model.swift */; };
		91D722C8288BE6BD007EF66B /* AppDelegate.swift in Sources */ = {isa = PBXBuildFile; fileRef = 91D722C7288BE6BD007EF66B /* AppDelegate.swift */; };
		91D722CA288BE6BD007EF66B /* SceneDelegate.swift in Sources */ = {isa = PBXBuildFile; fileRef = 91D722C9288BE6BD007EF66B /* SceneDelegate.swift */; };
		91D722CC288BE6BD007EF66B /* ViewController.swift in Sources */ = {isa = PBXBuildFile; fileRef = 91D722CB288BE6BD007EF66B /* ViewController.swift */; };
		91D722CF288BE6BD007EF66B /* Main.storyboard in Resources */ = {isa = PBXBuildFile; fileRef = 91D722CD288BE6BD007EF66B /* Main.storyboard */; };
		91D722D2288BE6BD007EF66B /* hw13.xcdatamodeld in Sources */ = {isa = PBXBuildFile; fileRef = 91D722D0288BE6BD007EF66B /* hw13.xcdatamodeld */; };
		91D722D4288BE6BE007EF66B /* Assets.xcassets in Resources */ = {isa = PBXBuildFile; fileRef = 91D722D3288BE6BE007EF66B /* Assets.xcassets */; };
		91D722D7288BE6BE007EF66B /* LaunchScreen.storyboard in Resources */ = {isa = PBXBuildFile; fileRef = 91D722D5288BE6BE007EF66B /* LaunchScreen.storyboard */; };
		91D722DF288EF376007EF66B /* RegularCellController.swift in Sources */ = {isa = PBXBuildFile; fileRef = 91D722DE288EF376007EF66B /* RegularCellController.swift */; };
		91D7AD32289292C300F92173 /* bluetoothIconWhite.png in Resources */ = {isa = PBXBuildFile; fileRef = 91D7AD31289292C300F92173 /* bluetoothIconWhite.png */; };
		91D7AD38289294F100F92173 /* vpnIcon.png in Resources */ = {isa = PBXBuildFile; fileRef = 91D7AD37289294F100F92173 /* vpnIcon.png */; };
		91D7AD3C289296AC00F92173 /* homeScreenIcon.png in Resources */ = {isa = PBXBuildFile; fileRef = 91D7AD3B289296AC00F92173 /* homeScreenIcon.png */; };
		91EA956A28902E5C004E5306 /* SwitchCellController.swift in Sources */ = {isa = PBXBuildFile; fileRef = 91EA956928902E5C004E5306 /* SwitchCellController.swift */; };
/* End PBXBuildFile section */

/* Begin PBXFileReference section */
		9101D0E2289BD6FA00B70F21 /* Model.swift */ = {isa = PBXFileReference; lastKnownFileType = sourcecode.swift; path = Model.swift; sourceTree = "<group>"; };
		91D722C4288BE6BD007EF66B /* hw13.app */ = {isa = PBXFileReference; explicitFileType = wrapper.application; includeInIndex = 0; path = hw13.app; sourceTree = BUILT_PRODUCTS_DIR; };
		91D722C7288BE6BD007EF66B /* AppDelegate.swift */ = {isa = PBXFileReference; lastKnownFileType = sourcecode.swift; path = AppDelegate.swift; sourceTree = "<group>"; };
		91D722C9288BE6BD007EF66B /* SceneDelegate.swift */ = {isa = PBXFileReference; lastKnownFileType = sourcecode.swift; path = SceneDelegate.swift; sourceTree = "<group>"; };
		91D722CB288BE6BD007EF66B /* ViewController.swift */ = {isa = PBXFileReference; lastKnownFileType = sourcecode.swift; path = ViewController.swift; sourceTree = "<group>"; };
		91D722CE288BE6BD007EF66B /* Base */ = {isa = PBXFileReference; lastKnownFileType = file.storyboard; name = Base; path = Base.lproj/Main.storyboard; sourceTree = "<group>"; };
		91D722D1288BE6BD007EF66B /* hw13.xcdatamodel */ = {isa = PBXFileReference; lastKnownFileType = wrapper.xcdatamodel; path = hw13.xcdatamodel; sourceTree = "<group>"; };
		91D722D3288BE6BE007EF66B /* Assets.xcassets */ = {isa = PBXFileReference; lastKnownFileType = folder.assetcatalog; path = Assets.xcassets; sourceTree = "<group>"; };
		91D722D6288BE6BE007EF66B /* Base */ = {isa = PBXFileReference; lastKnownFileType = file.storyboard; name = Base; path = Base.lproj/LaunchScreen.storyboard; sourceTree = "<group>"; };
		91D722D8288BE6BE007EF66B /* Info.plist */ = {isa = PBXFileReference; lastKnownFileType = text.plist.xml; path = Info.plist; sourceTree = "<group>"; };
		91D722DE288EF376007EF66B /* RegularCellController.swift */ = {isa = PBXFileReference; lastKnownFileType = sourcecode.swift; path = RegularCellController.swift; sourceTree = "<group>"; };
		91D7AD31289292C300F92173 /* bluetoothIconWhite.png */ = {isa = PBXFileReference; lastKnownFileType = image.png; path = bluetoothIconWhite.png; sourceTree = "<group>"; };
		91D7AD37289294F100F92173 /* vpnIcon.png */ = {isa = PBXFileReference; lastKnownFileType = image.png; path = vpnIcon.png; sourceTree = "<group>"; };
		91D7AD3B289296AC00F92173 /* homeScreenIcon.png */ = {isa = PBXFileReference; lastKnownFileType = image.png; path = homeScreenIcon.png; sourceTree = "<group>"; };
		91EA956928902E5C004E5306 /* SwitchCellController.swift */ = {isa = PBXFileReference; lastKnownFileType = sourcecode.swift; name = SwitchCellController.swift; path = ../Model/SwitchCellController.swift; sourceTree = "<group>"; };
/* End PBXFileReference section */

/* Begin PBXFrameworksBuildPhase section */
		91D722C1288BE6BD007EF66B /* Frameworks */ = {
			isa = PBXFrameworksBuildPhase;
			buildActionMask = 2147483647;
			files = (
			);
			runOnlyForDeploymentPostprocessing = 0;
		};
/* End PBXFrameworksBuildPhase section */

/* Begin PBXGroup section */
		9178A056289ACD7E006D4370 /* Model */ = {
			isa = PBXGroup;
			children = (
				9101D0E2289BD6FA00B70F21 /* Model.swift */,
				91D722C7288BE6BD007EF66B /* AppDelegate.swift */,
			);
			path = Model;
			sourceTree = "<group>";
		};
		9178A057289ACD87006D4370 /* View */ = {
			isa = PBXGroup;
			children = (
				91D722CD288BE6BD007EF66B /* Main.storyboard */,
				91D722D5288BE6BE007EF66B /* LaunchScreen.storyboard */,
			);
			path = View;
			sourceTree = "<group>";
		};
		9178A058289ACD8D006D4370 /* Controller */ = {
			isa = PBXGroup;
			children = (
				91D722CB288BE6BD007EF66B /* ViewController.swift */,
				91D722DE288EF376007EF66B /* RegularCellController.swift */,
				91EA956928902E5C004E5306 /* SwitchCellController.swift */,
				91D722C9288BE6BD007EF66B /* SceneDelegate.swift */,
			);
			path = Controller;
			sourceTree = "<group>";
		};
		91D722BB288BE6BD007EF66B = {
			isa = PBXGroup;
			children = (
				91D722C6288BE6BD007EF66B /* Application */,
				91D722C5288BE6BD007EF66B /* Products */,
			);
			sourceTree = "<group>";
		};
		91D722C5288BE6BD007EF66B /* Products */ = {
			isa = PBXGroup;
			children = (
				91D722C4288BE6BD007EF66B /* hw13.app */,
			);
			name = Products;
			sourceTree = "<group>";
		};
		91D722C6288BE6BD007EF66B /* Application */ = {
			isa = PBXGroup;
			children = (
				9178A056289ACD7E006D4370 /* Model */,
				9178A057289ACD87006D4370 /* View */,
				9178A058289ACD8D006D4370 /* Controller */,
				91D7AD3E289298E700F92173 /* Supporting files */,
			);
			path = Application;
			sourceTree = "<group>";
		};
		91D7AD302892924400F92173 /* Icons */ = {
			isa = PBXGroup;
			children = (
				91D7AD31289292C300F92173 /* bluetoothIconWhite.png */,
				91D7AD37289294F100F92173 /* vpnIcon.png */,
				91D7AD3B289296AC00F92173 /* homeScreenIcon.png */,
			);
			path = Icons;
			sourceTree = "<group>";
		};
		91D7AD3E289298E700F92173 /* Supporting files */ = {
			isa = PBXGroup;
			children = (
				91D7AD302892924400F92173 /* Icons */,
				91D7AD3F2892990100F92173 /* Configs */,
				91D722D3288BE6BE007EF66B /* Assets.xcassets */,
				91D722D0288BE6BD007EF66B /* hw13.xcdatamodeld */,
			);
			path = "Supporting files";
			sourceTree = "<group>";
		};
		91D7AD3F2892990100F92173 /* Configs */ = {
			isa = PBXGroup;
			children = (
				91D722D8288BE6BE007EF66B /* Info.plist */,
			);
			path = Configs;
			sourceTree = "<group>";
		};
/* End PBXGroup section */

/* Begin PBXNativeTarget section */
		91D722C3288BE6BD007EF66B /* hw13 */ = {
			isa = PBXNativeTarget;
			buildConfigurationList = 91D722DB288BE6BE007EF66B /* Build configuration list for PBXNativeTarget "hw13" */;
			buildPhases = (
				91D722C0288BE6BD007EF66B /* Sources */,
				91D722C1288BE6BD007EF66B /* Frameworks */,
				91D722C2288BE6BD007EF66B /* Resources */,
			);
			buildRules = (
			);
			dependencies = (
			);
			name = hw13;
			productName = hw13;
			productReference = 91D722C4288BE6BD007EF66B /* hw13.app */;
			productType = "com.apple.product-type.application";
		};
/* End PBXNativeTarget section */

/* Begin PBXProject section */
		91D722BC288BE6BD007EF66B /* Project object */ = {
			isa = PBXProject;
			attributes = {
				BuildIndependentTargetsInParallel = 1;
				LastSwiftUpdateCheck = 1340;
				LastUpgradeCheck = 1340;
				TargetAttributes = {
					91D722C3288BE6BD007EF66B = {
						CreatedOnToolsVersion = 13.4.1;
					};
				};
			};
			buildConfigurationList = 91D722BF288BE6BD007EF66B /* Build configuration list for PBXProject "hw13" */;
			compatibilityVersion = "Xcode 13.0";
			developmentRegion = en;
			hasScannedForEncodings = 0;
			knownRegions = (
				en,
				Base,
			);
			mainGroup = 91D722BB288BE6BD007EF66B;
			productRefGroup = 91D722C5288BE6BD007EF66B /* Products */;
			projectDirPath = "";
			projectRoot = "";
			targets = (
				91D722C3288BE6BD007EF66B /* hw13 */,
			);
		};
/* End PBXProject section */

/* Begin PBXResourcesBuildPhase section */
		91D722C2288BE6BD007EF66B /* Resources */ = {
			isa = PBXResourcesBuildPhase;
			buildActionMask = 2147483647;
			files = (
				91D722D7288BE6BE007EF66B /* LaunchScreen.storyboard in Resources */,
				91D722D4288BE6BE007EF66B /* Assets.xcassets in Resources */,
				91D7AD38289294F100F92173 /* vpnIcon.png in Resources */,
				91D7AD3C289296AC00F92173 /* homeScreenIcon.png in Resources */,
				91D722CF288BE6BD007EF66B /* Main.storyboard in Resources */,
				91D7AD32289292C300F92173 /* bluetoothIconWhite.png in Resources */,
			);
			runOnlyForDeploymentPostprocessing = 0;
		};
/* End PBXResourcesBuildPhase section */

/* Begin PBXSourcesBuildPhase section */
		91D722C0288BE6BD007EF66B /* Sources */ = {
			isa = PBXSourcesBuildPhase;
			buildActionMask = 2147483647;
			files = (
				9101D0E3289BD6FA00B70F21 /* Model.swift in Sources */,
				91D722D2288BE6BD007EF66B /* hw13.xcdatamodeld in Sources */,
				91D722DF288EF376007EF66B /* RegularCellController.swift in Sources */,
				91D722CC288BE6BD007EF66B /* ViewController.swift in Sources */,
				91D722C8288BE6BD007EF66B /* AppDelegate.swift in Sources */,
				91D722CA288BE6BD007EF66B /* SceneDelegate.swift in Sources */,
				91EA956A28902E5C004E5306 /* SwitchCellController.swift in Sources */,
			);
			runOnlyForDeploymentPostprocessing = 0;
		};
/* End PBXSourcesBuildPhase section */

/* Begin PBXVariantGroup section */
		91D722CD288BE6BD007EF66B /* Main.storyboard */ = {
			isa = PBXVariantGroup;
			children = (
				91D722CE288BE6BD007EF66B /* Base */,
			);
			name = Main.storyboard;
			sourceTree = "<group>";
		};
		91D722D5288BE6BE007EF66B /* LaunchScreen.storyboard */ = {
			isa = PBXVariantGroup;
			children = (
				91D722D6288BE6BE007EF66B /* Base */,
			);
			name = LaunchScreen.storyboard;
			sourceTree = "<group>";
		};
/* End PBXVariantGroup section */

/* Begin XCBuildConfiguration section */
		91D722D9288BE6BE007EF66B /* Debug */ = {
			isa = XCBuildConfiguration;
			buildSettings = {
				ALWAYS_SEARCH_USER_PATHS = NO;
				CLANG_ANALYZER_NONNULL = YES;
				CLANG_ANALYZER_NUMBER_OBJECT_CONVERSION = YES_AGGRESSIVE;
				CLANG_CXX_LANGUAGE_STANDARD = "gnu++17";
				CLANG_ENABLE_MODULES = YES;
				CLANG_ENABLE_OBJC_ARC = YES;
				CLANG_ENABLE_OBJC_WEAK = YES;
				CLANG_WARN_BLOCK_CAPTURE_AUTORELEASING = YES;
				CLANG_WARN_BOOL_CONVERSION = YES;
				CLANG_WARN_COMMA = YES;
				CLANG_WARN_CONSTANT_CONVERSION = YES;
				CLANG_WARN_DEPRECATED_OBJC_IMPLEMENTATIONS = YES;
				CLANG_WARN_DIRECT_OBJC_ISA_USAGE = YES_ERROR;
				CLANG_WARN_DOCUMENTATION_COMMENTS = YES;
				CLANG_WARN_EMPTY_BODY = YES;
				CLANG_WARN_ENUM_CONVERSION = YES;
				CLANG_WARN_INFINITE_RECURSION = YES;
				CLANG_WARN_INT_CONVERSION = YES;
				CLANG_WARN_NON_LITERAL_NULL_CONVERSION = YES;
				CLANG_WARN_OBJC_IMPLICIT_RETAIN_SELF = YES;
				CLANG_WARN_OBJC_LITERAL_CONVERSION = YES;
				CLANG_WARN_OBJC_ROOT_CLASS = YES_ERROR;
				CLANG_WARN_QUOTED_INCLUDE_IN_FRAMEWORK_HEADER = YES;
				CLANG_WARN_RANGE_LOOP_ANALYSIS = YES;
				CLANG_WARN_STRICT_PROTOTYPES = YES;
				CLANG_WARN_SUSPICIOUS_MOVE = YES;
				CLANG_WARN_UNGUARDED_AVAILABILITY = YES_AGGRESSIVE;
				CLANG_WARN_UNREACHABLE_CODE = YES;
				CLANG_WARN__DUPLICATE_METHOD_MATCH = YES;
				COPY_PHASE_STRIP = NO;
				DEBUG_INFORMATION_FORMAT = dwarf;
				ENABLE_STRICT_OBJC_MSGSEND = YES;
				ENABLE_TESTABILITY = YES;
				GCC_C_LANGUAGE_STANDARD = gnu11;
				GCC_DYNAMIC_NO_PIC = NO;
				GCC_NO_COMMON_BLOCKS = YES;
				GCC_OPTIMIZATION_LEVEL = 0;
				GCC_PREPROCESSOR_DEFINITIONS = (
					"DEBUG=1",
					"$(inherited)",
				);
				GCC_WARN_64_TO_32_BIT_CONVERSION = YES;
				GCC_WARN_ABOUT_RETURN_TYPE = YES_ERROR;
				GCC_WARN_UNDECLARED_SELECTOR = YES;
				GCC_WARN_UNINITIALIZED_AUTOS = YES_AGGRESSIVE;
				GCC_WARN_UNUSED_FUNCTION = YES;
				GCC_WARN_UNUSED_VARIABLE = YES;
				GENERATE_INFOPLIST_FILE = NO;
				IPHONEOS_DEPLOYMENT_TARGET = 15.5;
				MTL_ENABLE_DEBUG_INFO = INCLUDE_SOURCE;
				MTL_FAST_MATH = YES;
				ONLY_ACTIVE_ARCH = YES;
				SDKROOT = iphoneos;
				SWIFT_ACTIVE_COMPILATION_CONDITIONS = DEBUG;
				SWIFT_OPTIMIZATION_LEVEL = "-Onone";
			};
			name = Debug;
		};
		91D722DA288BE6BE007EF66B /* Release */ = {
			isa = XCBuildConfiguration;
			buildSettings = {
				ALWAYS_SEARCH_USER_PATHS = NO;
				CLANG_ANALYZER_NONNULL = YES;
				CLANG_ANALYZER_NUMBER_OBJECT_CONVERSION = YES_AGGRESSIVE;
				CLANG_CXX_LANGUAGE_STANDARD = "gnu++17";
				CLANG_ENABLE_MODULES = YES;
				CLANG_ENABLE_OBJC_ARC = YES;
				CLANG_ENABLE_OBJC_WEAK = YES;
				CLANG_WARN_BLOCK_CAPTURE_AUTORELEASING = YES;
				CLANG_WARN_BOOL_CONVERSION = YES;
				CLANG_WARN_COMMA = YES;
				CLANG_WARN_CONSTANT_CONVERSION = YES;
				CLANG_WARN_DEPRECATED_OBJC_IMPLEMENTATIONS = YES;
				CLANG_WARN_DIRECT_OBJC_ISA_USAGE = YES_ERROR;
				CLANG_WARN_DOCUMENTATION_COMMENTS = YES;
				CLANG_WARN_EMPTY_BODY = YES;
				CLANG_WARN_ENUM_CONVERSION = YES;
				CLANG_WARN_INFINITE_RECURSION = YES;
				CLANG_WARN_INT_CONVERSION = YES;
				CLANG_WARN_NON_LITERAL_NULL_CONVERSION = YES;
				CLANG_WARN_OBJC_IMPLICIT_RETAIN_SELF = YES;
				CLANG_WARN_OBJC_LITERAL_CONVERSION = YES;
				CLANG_WARN_OBJC_ROOT_CLASS = YES_ERROR;
				CLANG_WARN_QUOTED_INCLUDE_IN_FRAMEWORK_HEADER = YES;
				CLANG_WARN_RANGE_LOOP_ANALYSIS = YES;
				CLANG_WARN_STRICT_PROTOTYPES = YES;
				CLANG_WARN_SUSPICIOUS_MOVE = YES;
				CLANG_WARN_UNGUARDED_AVAILABILITY = YES_AGGRESSIVE;
				CLANG_WARN_UNREACHABLE_CODE = YES;
				CLANG_WARN__DUPLICATE_METHOD_MATCH = YES;
				COPY_PHASE_STRIP = NO;
				DEBUG_INFORMATION_FORMAT = "dwarf-with-dsym";
				ENABLE_NS_ASSERTIONS = NO;
				ENABLE_STRICT_OBJC_MSGSEND = YES;
				GCC_C_LANGUAGE_STANDARD = gnu11;
				GCC_NO_COMMON_BLOCKS = YES;
				GCC_WARN_64_TO_32_BIT_CONVERSION = YES;
				GCC_WARN_ABOUT_RETURN_TYPE = YES_ERROR;
				GCC_WARN_UNDECLARED_SELECTOR = YES;
				GCC_WARN_UNINITIALIZED_AUTOS = YES_AGGRESSIVE;
				GCC_WARN_UNUSED_FUNCTION = YES;
				GCC_WARN_UNUSED_VARIABLE = YES;
				GENERATE_INFOPLIST_FILE = NO;
				IPHONEOS_DEPLOYMENT_TARGET = 15.5;
				MTL_ENABLE_DEBUG_INFO = NO;
				MTL_FAST_MATH = YES;
				SDKROOT = iphoneos;
				SWIFT_COMPILATION_MODE = wholemodule;
				SWIFT_OPTIMIZATION_LEVEL = "-O";
				VALIDATE_PRODUCT = YES;
			};
			name = Release;
		};
		91D722DC288BE6BE007EF66B /* Debug */ = {
			isa = XCBuildConfiguration;
			buildSettings = {
				ASSETCATALOG_COMPILER_APPICON_NAME = AppIcon;
				ASSETCATALOG_COMPILER_GLOBAL_ACCENT_COLOR_NAME = AccentColor;
				CODE_SIGN_STYLE = Automatic;
				CURRENT_PROJECT_VERSION = 1;
				GENERATE_INFOPLIST_FILE = YES;
				INFOPLIST_FILE = "Application/Supporting Files/Configs/Info.plist";
				INFOPLIST_KEY_UIApplicationSupportsIndirectInputEvents = YES;
				INFOPLIST_KEY_UILaunchStoryboardName = LaunchScreen;
				INFOPLIST_KEY_UIMainStoryboardFile = Main;
				INFOPLIST_KEY_UISupportedInterfaceOrientations = UIInterfaceOrientationPortrait;
				INFOPLIST_KEY_UISupportedInterfaceOrientations_iPad = "UIInterfaceOrientationPortrait UIInterfaceOrientationPortraitUpsideDown UIInterfaceOrientationLandscapeLeft UIInterfaceOrientationLandscapeRight";
				INFOPLIST_KEY_UISupportedInterfaceOrientations_iPhone = "UIInterfaceOrientationPortrait UIInterfaceOrientationLandscapeLeft UIInterfaceOrientationLandscapeRight";
				LD_RUNPATH_SEARCH_PATHS = (
					"$(inherited)",
					"@executable_path/Frameworks",
				);
				MARKETING_VERSION = 1.0;
				PRODUCT_BUNDLE_IDENTIFIER = nk.com.hw13;
				PRODUCT_NAME = "$(TARGET_NAME)";
				SWIFT_EMIT_LOC_STRINGS = YES;
				SWIFT_VERSION = 5.0;
				TARGETED_DEVICE_FAMILY = 1;
			};
			name = Debug;
		};
		91D722DD288BE6BE007EF66B /* Release */ = {
			isa = XCBuildConfiguration;
			buildSettings = {
				ASSETCATALOG_COMPILER_APPICON_NAME = AppIcon;
				ASSETCATALOG_COMPILER_GLOBAL_ACCENT_COLOR_NAME = AccentColor;
				CODE_SIGN_STYLE = Automatic;
				CURRENT_PROJECT_VERSION = 1;
				GENERATE_INFOPLIST_FILE = YES;
				INFOPLIST_FILE = "Application/Supporting Files/Configs/Info.plist";
				INFOPLIST_KEY_UIApplicationSupportsIndirectInputEvents = YES;
				INFOPLIST_KEY_UILaunchStoryboardName = LaunchScreen;
				INFOPLIST_KEY_UIMainStoryboardFile = Main;
				INFOPLIST_KEY_UISupportedInterfaceOrientations = UIInterfaceOrientationPortrait;
				INFOPLIST_KEY_UISupportedInterfaceOrientations_iPad = "UIInterfaceOrientationPortrait UIInterfaceOrientationPortraitUpsideDown UIInterfaceOrientationLandscapeLeft UIInterfaceOrientationLandscapeRight";
				INFOPLIST_KEY_UISupportedInterfaceOrientations_iPhone = "UIInterfaceOrientationPortrait UIInterfaceOrientationLandscapeLeft UIInterfaceOrientationLandscapeRight";
				LD_RUNPATH_SEARCH_PATHS = (
					"$(inherited)",
					"@executable_path/Frameworks",
				);
				MARKETING_VERSION = 1.0;
				PRODUCT_BUNDLE_IDENTIFIER = nk.com.hw13;
				PRODUCT_NAME = "$(TARGET_NAME)";
				SWIFT_EMIT_LOC_STRINGS = YES;
				SWIFT_VERSION = 5.0;
				TARGETED_DEVICE_FAMILY = 1;
			};
			name = Release;
		};
/* End XCBuildConfiguration section */

/* Begin XCConfigurationList section */
		91D722BF288BE6BD007EF66B /* Build configuration list for PBXProject "hw13" */ = {
			isa = XCConfigurationList;
			buildConfigurations = (
				91D722D9288BE6BE007EF66B /* Debug */,
				91D722DA288BE6BE007EF66B /* Release */,
			);
			defaultConfigurationIsVisible = 0;
			defaultConfigurationName = Release;
		};
		91D722DB288BE6BE007EF66B /* Build configuration list for PBXNativeTarget "hw13" */ = {
			isa = XCConfigurationList;
			buildConfigurations = (
				91D722DC288BE6BE007EF66B /* Debug */,
				91D722DD288BE6BE007EF66B /* Release */,
			);
			defaultConfigurationIsVisible = 0;
			defaultConfigurationName = Release;
		};
/* End XCConfigurationList section */

/* Begin XCVersionGroup section */
		91D722D0288BE6BD007EF66B /* hw13.xcdatamodeld */ = {
			isa = XCVersionGroup;
			children = (
				91D722D1288BE6BD007EF66B /* hw13.xcdatamodel */,
			);
			currentVersion = 91D722D1288BE6BD007EF66B /* hw13.xcdatamodel */;
			path = hw13.xcdatamodeld;
			sourceTree = "<group>";
			versionGroupType = wrapper.xcdatamodel;
		};
/* End XCVersionGroup section */
	};
	rootObject = 91D722BC288BE6BD007EF66B /* Project object */;
}
